
Microsoft Visual Studio Solution File, Format Version 12.00
# Visual Studio Version 16
VisualStudioVersion = 16.0.30711.63
MinimumVisualStudioVersion = 10.0.40219.1
Project("{9A19103F-16F7-4668-BE54-9A1E7A4F7556}") = "FluentValidationProject", "FluentValidationProject\FluentValidationProject.csproj", "{AE45EA29-1202-4F5A-B6AA-A68D5BBEADB6}"
EndProject
Global
	GlobalSection(SolutionConfigurationPlatforms) = preSolution
		Debug|Any CPU = Debug|Any CPU
		Release|Any CPU = Release|Any CPU
	EndGlobalSection
	GlobalSection(ProjectConfigurationPlatforms) = postSolution
		{AE45EA29-1202-4F5A-B6AA-A68D5BBEADB6}.Debug|Any CPU.ActiveCfg = Debug|Any CPU
		{AE45EA29-1202-4F5A-B6AA-A68D5BBEADB6}.Debug|Any CPU.Build.0 = Debug|Any CPU
		{AE45EA29-1202-4F5A-B6AA-A68D5BBEADB6}.Release|Any CPU.ActiveCfg = Release|Any CPU
		{AE45EA29-1202-4F5A-B6AA-A68D5BBEADB6}.Release|Any CPU.Build.0 = Release|Any CPU
	EndGlobalSection
	GlobalSection(SolutionProperties) = preSolution
		HideSolutionNode = FALSE
	EndGlobalSection
	GlobalSection(ExtensibilityGlobals) = postSolution
		SolutionGuid = {2E5059E9-4F0B-4633-ABA9-C0CD2829CDC5}
	EndGlobalSection
EndGlobal
